{
  "name": "loader-level",
  "version": "0.1.0",
  "lockfileVersion": 1,
  "requires": true,
  "dependencies": {
    "batch-import": {
      "version": "3.1.1",
      "resolved": "https://registry.npmjs.org/batch-import/-/batch-import-3.1.1.tgz",
      "integrity": "sha512-79LLaKEIvV10K8jmDOf5FLzbYOtXGxh1NYzjctRrJMmnvH5Xkg0rCzPMQe5ajxaXDMQfWFo1rV/UZ2V4aNk1yw=="
    }
  }
}
