{
  "name": "lloader",
  "version": "5.0.0",
  "lockfileVersion": 1,
  "requires": true,
  "dependencies": {
    "@chewbank/typea": {
      "version": "5.2.0",
      "resolved": "https://registry.npmjs.org/@chewbank/typea/-/typea-5.2.0.tgz",
      "integrity": "sha512-VnbSEteP6O1oS9HXRubTLI/yLWVyMb6Sh2bLB0kzosP3cgy7qnq2HU2ifB6Z/btNEmSAIYOtpRsZBjE6ypb15g==",
      "dev": true,
      "requires": {
        "validator": "^12.2.0"
      }
    },
    "validator": {
      "version": "12.2.0",
      "resolved": "https://registry.npmjs.org/validator/-/validator-12.2.0.tgz",
      "integrity": "sha512-jJfE/DW6tIK1Ek8nCfNFqt8Wb3nzMoAbocBF6/Icgg1ZFSBpObdnwVY2jQj6qUqzhx5jc71fpvBWyLGO7Xl+nQ==",
      "dev": true
    }
  }
}
