{
  "name": "lloader",
  "version": "1.1.3",
  "lockfileVersion": 1,
  "requires": true,
  "dependencies": {
    "filter-null": {
      "version": "2.0.0",
      "resolved": "https://registry.npmjs.org/filter-null/-/filter-null-2.0.0.tgz",
      "integrity": "sha512-BaDFc/CnkIaYYM2XQ1NWTkb53BM+FA4Pho1q+l+wI6negRaNwV5Gfe6HuAcTpG/CKeNOuLGW8b8HY1OZIbfsDg==",
      "dev": true
    },
    "typea": {
      "version": "4.2.0",
      "resolved": "https://registry.npmjs.org/typea/-/typea-4.2.0.tgz",
      "integrity": "sha512-u7y9S8RL+0iGA1hHsPzFSdZYhgpK5lFa/g4sUov2HOSAJ/7tnwnAVy4DKYoZAxGL/xyK5uRC+iAXmp5WOc6Amw==",
      "dev": true,
      "requires": {
        "filter-null": "^2.0.0",
        "validator": "^8.0.0"
      }
    },
    "validator": {
      "version": "8.2.0",
      "resolved": "https://registry.npmjs.org/validator/-/validator-8.2.0.tgz",
      "integrity": "sha512-Yw5wW34fSv5spzTXNkokD6S6/Oq92d8q/t14TqsS3fAiA1RYnxSFSIZ+CY3n6PGGRCq5HhJTSepQvFUS2QUDxA==",
      "dev": true
    }
  }
}
